{
  "version": 1,
  "dependencies": {
    ".NETFramework,Version=v4.8": {
      "BveEx.CoreExtensions": {
        "type": "Direct",
        "requested": "[2.0.0, )",
        "resolved": "2.0.0",
        "contentHash": "GEjHTJbW9BiDOXVBsvwtX9TpNF3l9uzvjXgPicHhp/dOWheJwWLVQQFFEEwHQPuSPIOu4uWEwBJc8xUPtCsTcg==",
        "dependencies": {
          "BveEx.PluginHost": "2.0.0"
        }
      },
      "BveEx.Diagnostics": {
        "type": "Direct",
        "requested": "[2.0.0, )",
        "resolved": "2.0.0",
        "contentHash": "EbWQN8LVvTev+/0jopO024EekcUaPw9GNEwlQBvcb9SLUmlAyvkvydBzxjdXcZjINAaiHro6PMU6JEdn9nue7g=="
      },
      "BveEx.PluginHost": {
        "type": "Transitive",
        "resolved": "2.0.0",
        "contentHash": "kH1aCuUFISW1/LFyNx1Jm0Y3j9evwzw+w7LLJ+ZUagA4FGLGDRdwPVsa5/vGaySwhOWDXPQdOAi0d0stB2KeZg=="
      }
    }
  }
}